
Microsoft Visual Studio Solution File, Format Version 12.00
# Visual Studio Version 17
VisualStudioVersion = 17.0.31903.59
MinimumVisualStudioVersion = 10.0.40219.1
Project("{2150E333-8FDC-42A3-9474-1A3956D46DE8}") = "src", "src", "{28CB4A11-06C5-4F73-B2F2-6BFDFEEE4DA1}"
EndProject
Project("{2150E333-8FDC-42A3-9474-1A3956D46DE8}") = "Services", "Services", "{72A15BE6-A2E1-4C2C-888B-2C50B003713D}"
EndProject
Project("{FAE04EC0-301F-11D3-BF4B-00C04F79EFBC}") = "CatalogService.API", "src\Services\CatalogService.API\CatalogService.API.csproj", "{21AF20C0-5C45-43D1-96FE-546566D5AEB1}"
EndProject
Project("{FAE04EC0-301F-11D3-BF4B-00C04F79EFBC}") = "RoomService.API", "src\Services\RoomService.API\RoomService.API.csproj", "{62D95E07-CB71-40DA-807F-FA4FEA5820EB}"
EndProject
Project("{FAE04EC0-301F-11D3-BF4B-00C04F79EFBC}") = "BookingService.API", "src\Services\BookingService.API\BookingService.API.csproj", "{280BBBBC-0883-4F00-BD32-0B866A9C3194}"
EndProject
Project("{FAE04EC0-301F-11D3-BF4B-00C04F79EFBC}") = "ApiGateway", "src\Services\ApiGateway\ApiGateway.csproj", "{37334598-DF9B-404F-98B2-45AED7DA7BF9}"
EndProject
Global
	GlobalSection(SolutionConfigurationPlatforms) = preSolution
		Debug|Any CPU = Debug|Any CPU
		Release|Any CPU = Release|Any CPU
	EndGlobalSection
	GlobalSection(SolutionProperties) = preSolution
		HideSolutionNode = FALSE
	EndGlobalSection
	GlobalSection(ProjectConfigurationPlatforms) = postSolution
		{21AF20C0-5C45-43D1-96FE-546566D5AEB1}.Debug|Any CPU.ActiveCfg = Debug|Any CPU
		{21AF20C0-5C45-43D1-96FE-546566D5AEB1}.Debug|Any CPU.Build.0 = Debug|Any CPU
		{21AF20C0-5C45-43D1-96FE-546566D5AEB1}.Release|Any CPU.ActiveCfg = Release|Any CPU
		{21AF20C0-5C45-43D1-96FE-546566D5AEB1}.Release|Any CPU.Build.0 = Release|Any CPU
		{62D95E07-CB71-40DA-807F-FA4FEA5820EB}.Debug|Any CPU.ActiveCfg = Debug|Any CPU
		{62D95E07-CB71-40DA-807F-FA4FEA5820EB}.Debug|Any CPU.Build.0 = Debug|Any CPU
		{62D95E07-CB71-40DA-807F-FA4FEA5820EB}.Release|Any CPU.ActiveCfg = Release|Any CPU
		{62D95E07-CB71-40DA-807F-FA4FEA5820EB}.Release|Any CPU.Build.0 = Release|Any CPU
		{280BBBBC-0883-4F00-BD32-0B866A9C3194}.Debug|Any CPU.ActiveCfg = Debug|Any CPU
		{280BBBBC-0883-4F00-BD32-0B866A9C3194}.Debug|Any CPU.Build.0 = Debug|Any CPU
		{280BBBBC-0883-4F00-BD32-0B866A9C3194}.Release|Any CPU.ActiveCfg = Release|Any CPU
		{280BBBBC-0883-4F00-BD32-0B866A9C3194}.Release|Any CPU.Build.0 = Release|Any CPU
		{37334598-DF9B-404F-98B2-45AED7DA7BF9}.Debug|Any CPU.ActiveCfg = Debug|Any CPU
		{37334598-DF9B-404F-98B2-45AED7DA7BF9}.Debug|Any CPU.Build.0 = Debug|Any CPU
		{37334598-DF9B-404F-98B2-45AED7DA7BF9}.Release|Any CPU.ActiveCfg = Release|Any CPU
		{37334598-DF9B-404F-98B2-45AED7DA7BF9}.Release|Any CPU.Build.0 = Release|Any CPU
	EndGlobalSection
	GlobalSection(NestedProjects) = preSolution
		{72A15BE6-A2E1-4C2C-888B-2C50B003713D} = {28CB4A11-06C5-4F73-B2F2-6BFDFEEE4DA1}
		{21AF20C0-5C45-43D1-96FE-546566D5AEB1} = {72A15BE6-A2E1-4C2C-888B-2C50B003713D}
		{62D95E07-CB71-40DA-807F-FA4FEA5820EB} = {72A15BE6-A2E1-4C2C-888B-2C50B003713D}
		{280BBBBC-0883-4F00-BD32-0B866A9C3194} = {72A15BE6-A2E1-4C2C-888B-2C50B003713D}
		{37334598-DF9B-404F-98B2-45AED7DA7BF9} = {72A15BE6-A2E1-4C2C-888B-2C50B003713D}
	EndGlobalSection
EndGlobal
